
Microsoft Visual Studio Solution File, Format Version 12.00
# Visual Studio Version 16
VisualStudioVersion = 16.0.29009.5
MinimumVisualStudioVersion = 10.0.40219.1
Project("{FAE04EC0-301F-11D3-BF4B-00C04F79EFBC}") = "StudentExercisesADO", "StudentExercisesADO\StudentExercisesADO.csproj", "{710B9996-6369-405B-937F-F50876EB167E}"
EndProject
Global
	GlobalSection(SolutionConfigurationPlatforms) = preSolution
		Debug|Any CPU = Debug|Any CPU
		Release|Any CPU = Release|Any CPU
	EndGlobalSection
	GlobalSection(ProjectConfigurationPlatforms) = postSolution
		{710B9996-6369-405B-937F-F50876EB167E}.Debug|Any CPU.ActiveCfg = Debug|Any CPU
		{710B9996-6369-405B-937F-F50876EB167E}.Debug|Any CPU.Build.0 = Debug|Any CPU
		{710B9996-6369-405B-937F-F50876EB167E}.Release|Any CPU.ActiveCfg = Release|Any CPU
		{710B9996-6369-405B-937F-F50876EB167E}.Release|Any CPU.Build.0 = Release|Any CPU
	EndGlobalSection
	GlobalSection(SolutionProperties) = preSolution
		HideSolutionNode = FALSE
	EndGlobalSection
	GlobalSection(ExtensibilityGlobals) = postSolution
		SolutionGuid = {5DC9BD25-BC44-4655-8C2F-DB24CEDE7FCE}
	EndGlobalSection
EndGlobal
